
Microsoft Visual Studio Solution File, Format Version 12.00
# Visual Studio Version 17
VisualStudioVersion = 17.9.34714.143
MinimumVisualStudioVersion = 10.0.40219.1
Project("{FAE04EC0-301F-11D3-BF4B-00C04F79EFBC}") = "AuctionSite", "AuctionSite\AuctionSite.csproj", "{037F9ADC-462F-4267-90AC-9E8F9CB91ED0}"
EndProject
Global
	GlobalSection(SolutionConfigurationPlatforms) = preSolution
		Debug|Any CPU = Debug|Any CPU
		Release|Any CPU = Release|Any CPU
	EndGlobalSection
	GlobalSection(ProjectConfigurationPlatforms) = postSolution
		{037F9ADC-462F-4267-90AC-9E8F9CB91ED0}.Debug|Any CPU.ActiveCfg = Debug|Any CPU
		{037F9ADC-462F-4267-90AC-9E8F9CB91ED0}.Debug|Any CPU.Build.0 = Debug|Any CPU
		{037F9ADC-462F-4267-90AC-9E8F9CB91ED0}.Release|Any CPU.ActiveCfg = Release|Any CPU
		{037F9ADC-462F-4267-90AC-9E8F9CB91ED0}.Release|Any CPU.Build.0 = Release|Any CPU
	EndGlobalSection
	GlobalSection(SolutionProperties) = preSolution
		HideSolutionNode = FALSE
	EndGlobalSection
	GlobalSection(ExtensibilityGlobals) = postSolution
		SolutionGuid = {4B1641A1-C2E6-4944-B707-FB22A759680F}
	EndGlobalSection
EndGlobal
